// !$*UTF8*$!
{
	archiveVersion = 1;
	classes = {
	};
	objectVersion = 46;
	objects = {

/* Begin PBXBuildFile section */
		7C4CA5DCB0B980DE62F54883 /* Pods_Mr_Ride_iOS.framework in Frameworks */ = {isa = PBXBuildFile; fileRef = 66EF88E2F89EEED4143779B7 /* Pods_Mr_Ride_iOS.framework */; };
		F93BBFEF1CF590B800A9E661 /* SideMenuCell.swift in Sources */ = {isa = PBXBuildFile; fileRef = F93BBFEE1CF590B800A9E661 /* SideMenuCell.swift */; };
		F93BBFF11CF5945100A9E661 /* HistoryViewController.swift in Sources */ = {isa = PBXBuildFile; fileRef = F93BBFF01CF5945100A9E661 /* HistoryViewController.swift */; };
		F953E36B1CF2DC3C00FA3F4E /* UIFont+YBKAdditions.swift in Sources */ = {isa = PBXBuildFile; fileRef = F953E3691CF2DC3C00FA3F4E /* UIFont+YBKAdditions.swift */; };
		F953E36F1CF2DE8700FA3F4E /* MRColor.swift in Sources */ = {isa = PBXBuildFile; fileRef = F953E36E1CF2DE8700FA3F4E /* MRColor.swift */; };
		F9A2EBB21CF2A79A00853CCE /* AppDelegate.swift in Sources */ = {isa = PBXBuildFile; fileRef = F9A2EBB11CF2A79A00853CCE /* AppDelegate.swift */; };
		F9A2EBB41CF2A79A00853CCE /* HomeViewController.swift in Sources */ = {isa = PBXBuildFile; fileRef = F9A2EBB31CF2A79A00853CCE /* HomeViewController.swift */; };
		F9A2EBB71CF2A79A00853CCE /* Main.storyboard in Resources */ = {isa = PBXBuildFile; fileRef = F9A2EBB51CF2A79A00853CCE /* Main.storyboard */; };
		F9A2EBB91CF2A79A00853CCE /* Assets.xcassets in Resources */ = {isa = PBXBuildFile; fileRef = F9A2EBB81CF2A79A00853CCE /* Assets.xcassets */; };
		F9A2EBBC1CF2A79A00853CCE /* LaunchScreen.storyboard in Resources */ = {isa = PBXBuildFile; fileRef = F9A2EBBA1CF2A79A00853CCE /* LaunchScreen.storyboard */; };
		F9E55F1C1CF3093100402F96 /* LICENSE.txt in Resources */ = {isa = PBXBuildFile; fileRef = F9E55F111CF3093100402F96 /* LICENSE.txt */; };
		F9E55F1D1CF3093100402F96 /* RobotoMono-Bold.ttf in Resources */ = {isa = PBXBuildFile; fileRef = F9E55F121CF3093100402F96 /* RobotoMono-Bold.ttf */; };
		F9E55F1E1CF3093100402F96 /* RobotoMono-BoldItalic.ttf in Resources */ = {isa = PBXBuildFile; fileRef = F9E55F131CF3093100402F96 /* RobotoMono-BoldItalic.ttf */; };
		F9E55F1F1CF3093100402F96 /* RobotoMono-Italic.ttf in Resources */ = {isa = PBXBuildFile; fileRef = F9E55F141CF3093100402F96 /* RobotoMono-Italic.ttf */; };
		F9E55F201CF3093100402F96 /* RobotoMono-Light.ttf in Resources */ = {isa = PBXBuildFile; fileRef = F9E55F151CF3093100402F96 /* RobotoMono-Light.ttf */; };
		F9E55F211CF3093100402F96 /* RobotoMono-LightItalic.ttf in Resources */ = {isa = PBXBuildFile; fileRef = F9E55F161CF3093100402F96 /* RobotoMono-LightItalic.ttf */; };
		F9E55F221CF3093100402F96 /* RobotoMono-Medium.ttf in Resources */ = {isa = PBXBuildFile; fileRef = F9E55F171CF3093100402F96 /* RobotoMono-Medium.ttf */; };
		F9E55F231CF3093100402F96 /* RobotoMono-MediumItalic.ttf in Resources */ = {isa = PBXBuildFile; fileRef = F9E55F181CF3093100402F96 /* RobotoMono-MediumItalic.ttf */; };
		F9E55F241CF3093100402F96 /* RobotoMono-Regular.ttf in Resources */ = {isa = PBXBuildFile; fileRef = F9E55F191CF3093100402F96 /* RobotoMono-Regular.ttf */; };
		F9E55F251CF3093100402F96 /* RobotoMono-Thin.ttf in Resources */ = {isa = PBXBuildFile; fileRef = F9E55F1A1CF3093100402F96 /* RobotoMono-Thin.ttf */; };
		F9E55F261CF3093100402F96 /* RobotoMono-ThinItalic.ttf in Resources */ = {isa = PBXBuildFile; fileRef = F9E55F1B1CF3093100402F96 /* RobotoMono-ThinItalic.ttf */; };
		F9E55F461CF3E8F200402F96 /* SideMenuTableViewController.swift in Sources */ = {isa = PBXBuildFile; fileRef = F9E55F451CF3E8F200402F96 /* SideMenuTableViewController.swift */; };
		F9E55F4B1CF3EFA900402F96 /* NavigationController.swift in Sources */ = {isa = PBXBuildFile; fileRef = F9E55F4A1CF3EFA900402F96 /* NavigationController.swift */; };
		F9E55F4F1CF42D1100402F96 /* RootViewController.swift in Sources */ = {isa = PBXBuildFile; fileRef = F9E55F4E1CF42D1100402F96 /* RootViewController.swift */; };
		F9E9E4A11CF6ED6C00599D85 /* TrackingPageViewController.swift in Sources */ = {isa = PBXBuildFile; fileRef = F9E9E4A01CF6ED6C00599D85 /* TrackingPageViewController.swift */; };
		F9E9E4A31CF829CF00599D85 /* ResultPageViewController.swift in Sources */ = {isa = PBXBuildFile; fileRef = F9E9E4A21CF829CF00599D85 /* ResultPageViewController.swift */; };
/* End PBXBuildFile section */

/* Begin PBXFileReference section */
		66EF88E2F89EEED4143779B7 /* Pods_Mr_Ride_iOS.framework */ = {isa = PBXFileReference; explicitFileType = wrapper.framework; includeInIndex = 0; path = Pods_Mr_Ride_iOS.framework; sourceTree = BUILT_PRODUCTS_DIR; };
		A45D7F7E8E6896C21D7AF9DA /* Pods-Mr-Ride-iOS.release.xcconfig */ = {isa = PBXFileReference; includeInIndex = 1; lastKnownFileType = text.xcconfig; name = "Pods-Mr-Ride-iOS.release.xcconfig"; path = "Pods/Target Support Files/Pods-Mr-Ride-iOS/Pods-Mr-Ride-iOS.release.xcconfig"; sourceTree = "<group>"; };
		B839DBAFF8269066CD6F4A18 /* Pods-Mr-Ride-iOS.debug.xcconfig */ = {isa = PBXFileReference; includeInIndex = 1; lastKnownFileType = text.xcconfig; name = "Pods-Mr-Ride-iOS.debug.xcconfig"; path = "Pods/Target Support Files/Pods-Mr-Ride-iOS/Pods-Mr-Ride-iOS.debug.xcconfig"; sourceTree = "<group>"; };
		F93BBFEE1CF590B800A9E661 /* SideMenuCell.swift */ = {isa = PBXFileReference; fileEncoding = 4; lastKnownFileType = sourcecode.swift; path = SideMenuCell.swift; sourceTree = "<group>"; };
		F93BBFF01CF5945100A9E661 /* HistoryViewController.swift */ = {isa = PBXFileReference; fileEncoding = 4; lastKnownFileType = sourcecode.swift; path = HistoryViewController.swift; sourceTree = "<group>"; };
		F953E3691CF2DC3C00FA3F4E /* UIFont+YBKAdditions.swift */ = {isa = PBXFileReference; fileEncoding = 4; lastKnownFileType = sourcecode.swift; path = "UIFont+YBKAdditions.swift"; sourceTree = "<group>"; };
		F953E36E1CF2DE8700FA3F4E /* MRColor.swift */ = {isa = PBXFileReference; fileEncoding = 4; lastKnownFileType = sourcecode.swift; path = MRColor.swift; sourceTree = "<group>"; };
		F9A2EBAE1CF2A79A00853CCE /* Mr-Ride-iOS.app */ = {isa = PBXFileReference; explicitFileType = wrapper.application; includeInIndex = 0; path = "Mr-Ride-iOS.app"; sourceTree = BUILT_PRODUCTS_DIR; };
		F9A2EBB11CF2A79A00853CCE /* AppDelegate.swift */ = {isa = PBXFileReference; lastKnownFileType = sourcecode.swift; path = AppDelegate.swift; sourceTree = "<group>"; };
		F9A2EBB31CF2A79A00853CCE /* HomeViewController.swift */ = {isa = PBXFileReference; lastKnownFileType = sourcecode.swift; path = HomeViewController.swift; sourceTree = "<group>"; };
		F9A2EBB61CF2A79A00853CCE /* Base */ = {isa = PBXFileReference; lastKnownFileType = file.storyboard; name = Base; path = Base.lproj/Main.storyboard; sourceTree = "<group>"; };
		F9A2EBB81CF2A79A00853CCE /* Assets.xcassets */ = {isa = PBXFileReference; lastKnownFileType = folder.assetcatalog; path = Assets.xcassets; sourceTree = "<group>"; };
		F9A2EBBB1CF2A79A00853CCE /* Base */ = {isa = PBXFileReference; lastKnownFileType = file.storyboard; name = Base; path = Base.lproj/LaunchScreen.storyboard; sourceTree = "<group>"; };
		F9A2EBBD1CF2A79A00853CCE /* Info.plist */ = {isa = PBXFileReference; lastKnownFileType = text.plist.xml; path = Info.plist; sourceTree = "<group>"; };
		F9E55F111CF3093100402F96 /* LICENSE.txt */ = {isa = PBXFileReference; fileEncoding = 4; lastKnownFileType = text; path = LICENSE.txt; sourceTree = "<group>"; };
		F9E55F121CF3093100402F96 /* RobotoMono-Bold.ttf */ = {isa = PBXFileReference; lastKnownFileType = file; path = "RobotoMono-Bold.ttf"; sourceTree = "<group>"; };
		F9E55F131CF3093100402F96 /* RobotoMono-BoldItalic.ttf */ = {isa = PBXFileReference; lastKnownFileType = file; path = "RobotoMono-BoldItalic.ttf"; sourceTree = "<group>"; };
		F9E55F141CF3093100402F96 /* RobotoMono-Italic.ttf */ = {isa = PBXFileReference; lastKnownFileType = file; path = "RobotoMono-Italic.ttf"; sourceTree = "<group>"; };
		F9E55F151CF3093100402F96 /* RobotoMono-Light.ttf */ = {isa = PBXFileReference; lastKnownFileType = file; path = "RobotoMono-Light.ttf"; sourceTree = "<group>"; };
		F9E55F161CF3093100402F96 /* RobotoMono-LightItalic.ttf */ = {isa = PBXFileReference; lastKnownFileType = file; path = "RobotoMono-LightItalic.ttf"; sourceTree = "<group>"; };
		F9E55F171CF3093100402F96 /* RobotoMono-Medium.ttf */ = {isa = PBXFileReference; lastKnownFileType = file; path = "RobotoMono-Medium.ttf"; sourceTree = "<group>"; };
		F9E55F181CF3093100402F96 /* RobotoMono-MediumItalic.ttf */ = {isa = PBXFileReference; lastKnownFileType = file; path = "RobotoMono-MediumItalic.ttf"; sourceTree = "<group>"; };
		F9E55F191CF3093100402F96 /* RobotoMono-Regular.ttf */ = {isa = PBXFileReference; lastKnownFileType = file; path = "RobotoMono-Regular.ttf"; sourceTree = "<group>"; };
		F9E55F1A1CF3093100402F96 /* RobotoMono-Thin.ttf */ = {isa = PBXFileReference; lastKnownFileType = file; path = "RobotoMono-Thin.ttf"; sourceTree = "<group>"; };
		F9E55F1B1CF3093100402F96 /* RobotoMono-ThinItalic.ttf */ = {isa = PBXFileReference; lastKnownFileType = file; path = "RobotoMono-ThinItalic.ttf"; sourceTree = "<group>"; };
		F9E55F451CF3E8F200402F96 /* SideMenuTableViewController.swift */ = {isa = PBXFileReference; fileEncoding = 4; lastKnownFileType = sourcecode.swift; path = SideMenuTableViewController.swift; sourceTree = "<group>"; };
		F9E55F4A1CF3EFA900402F96 /* NavigationController.swift */ = {isa = PBXFileReference; fileEncoding = 4; lastKnownFileType = sourcecode.swift; path = NavigationController.swift; sourceTree = "<group>"; };
		F9E55F4E1CF42D1100402F96 /* RootViewController.swift */ = {isa = PBXFileReference; fileEncoding = 4; lastKnownFileType = sourcecode.swift; path = RootViewController.swift; sourceTree = "<group>"; };
		F9E9E4A01CF6ED6C00599D85 /* TrackingPageViewController.swift */ = {isa = PBXFileReference; fileEncoding = 4; lastKnownFileType = sourcecode.swift; path = TrackingPageViewController.swift; sourceTree = "<group>"; };
		F9E9E4A21CF829CF00599D85 /* ResultPageViewController.swift */ = {isa = PBXFileReference; fileEncoding = 4; lastKnownFileType = sourcecode.swift; path = ResultPageViewController.swift; sourceTree = "<group>"; };
/* End PBXFileReference section */

/* Begin PBXFrameworksBuildPhase section */
		F9A2EBAB1CF2A79A00853CCE /* Frameworks */ = {
			isa = PBXFrameworksBuildPhase;
			buildActionMask = 2147483647;
			files = (
				7C4CA5DCB0B980DE62F54883 /* Pods_Mr_Ride_iOS.framework in Frameworks */,
			);
			runOnlyForDeploymentPostprocessing = 0;
		};
/* End PBXFrameworksBuildPhase section */

/* Begin PBXGroup section */
		0274EBFAC3A62FB85EF44144 /* Frameworks */ = {
			isa = PBXGroup;
			children = (
				66EF88E2F89EEED4143779B7 /* Pods_Mr_Ride_iOS.framework */,
			);
			name = Frameworks;
			sourceTree = "<group>";
		};
		871BEF0F94F3CBEA64F78184 /* Pods */ = {
			isa = PBXGroup;
			children = (
				B839DBAFF8269066CD6F4A18 /* Pods-Mr-Ride-iOS.debug.xcconfig */,
				A45D7F7E8E6896C21D7AF9DA /* Pods-Mr-Ride-iOS.release.xcconfig */,
			);
			name = Pods;
			sourceTree = "<group>";
		};
		F9A2EBA51CF2A79A00853CCE = {
			isa = PBXGroup;
			children = (
				F9A2EBB01CF2A79A00853CCE /* Mr-Ride-iOS */,
				F9A2EBAF1CF2A79A00853CCE /* Products */,
				871BEF0F94F3CBEA64F78184 /* Pods */,
				0274EBFAC3A62FB85EF44144 /* Frameworks */,
			);
			sourceTree = "<group>";
		};
		F9A2EBAF1CF2A79A00853CCE /* Products */ = {
			isa = PBXGroup;
			children = (
				F9A2EBAE1CF2A79A00853CCE /* Mr-Ride-iOS.app */,
			);
			name = Products;
			sourceTree = "<group>";
		};
		F9A2EBB01CF2A79A00853CCE /* Mr-Ride-iOS */ = {
			isa = PBXGroup;
			children = (
				F9E55F491CF3E90C00402F96 /* Model */,
				F9E55F481CF3E90500402F96 /* View */,
				F9E55F471CF3E8FA00402F96 /* Controller */,
				F9CE3E251CF2E37D00574689 /* Resources */,
			);
			path = "Mr-Ride-iOS";
			sourceTree = "<group>";
		};
		F9CE3E251CF2E37D00574689 /* Resources */ = {
			isa = PBXGroup;
			children = (
				F9E55F101CF3093100402F96 /* Roboto_Mono */,
				F9A2EBB81CF2A79A00853CCE /* Assets.xcassets */,
				F953E3691CF2DC3C00FA3F4E /* UIFont+YBKAdditions.swift */,
				F953E36E1CF2DE8700FA3F4E /* MRColor.swift */,
			);
			name = Resources;
			sourceTree = "<group>";
		};
		F9E55F101CF3093100402F96 /* Roboto_Mono */ = {
			isa = PBXGroup;
			children = (
				F9E55F111CF3093100402F96 /* LICENSE.txt */,
				F9E55F121CF3093100402F96 /* RobotoMono-Bold.ttf */,
				F9E55F131CF3093100402F96 /* RobotoMono-BoldItalic.ttf */,
				F9E55F141CF3093100402F96 /* RobotoMono-Italic.ttf */,
				F9E55F151CF3093100402F96 /* RobotoMono-Light.ttf */,
				F9E55F161CF3093100402F96 /* RobotoMono-LightItalic.ttf */,
				F9E55F171CF3093100402F96 /* RobotoMono-Medium.ttf */,
				F9E55F181CF3093100402F96 /* RobotoMono-MediumItalic.ttf */,
				F9E55F191CF3093100402F96 /* RobotoMono-Regular.ttf */,
				F9E55F1A1CF3093100402F96 /* RobotoMono-Thin.ttf */,
				F9E55F1B1CF3093100402F96 /* RobotoMono-ThinItalic.ttf */,
			);
			path = Roboto_Mono;
			sourceTree = "<group>";
		};
		F9E55F471CF3E8FA00402F96 /* Controller */ = {
			isa = PBXGroup;
			children = (
				F9E55F451CF3E8F200402F96 /* SideMenuTableViewController.swift */,
				F9E55F4E1CF42D1100402F96 /* RootViewController.swift */,
				F9A2EBB31CF2A79A00853CCE /* HomeViewController.swift */,
				F93BBFF01CF5945100A9E661 /* HistoryViewController.swift */,
				F9E55F4A1CF3EFA900402F96 /* NavigationController.swift */,
				F9E9E4A01CF6ED6C00599D85 /* TrackingPageViewController.swift */,
				F9E9E4A21CF829CF00599D85 /* ResultPageViewController.swift */,
			);
			name = Controller;
			sourceTree = "<group>";
		};
		F9E55F481CF3E90500402F96 /* View */ = {
			isa = PBXGroup;
			children = (
				F9A2EBB51CF2A79A00853CCE /* Main.storyboard */,
				F93BBFEE1CF590B800A9E661 /* SideMenuCell.swift */,
			);
			name = View;
			sourceTree = "<group>";
		};
		F9E55F491CF3E90C00402F96 /* Model */ = {
			isa = PBXGroup;
			children = (
				F9A2EBBA1CF2A79A00853CCE /* LaunchScreen.storyboard */,
				F9A2EBB11CF2A79A00853CCE /* AppDelegate.swift */,
				F9A2EBBD1CF2A79A00853CCE /* Info.plist */,
			);
			name = Model;
			sourceTree = "<group>";
		};
/* End PBXGroup section */

/* Begin PBXNativeTarget section */
		F9A2EBAD1CF2A79A00853CCE /* Mr-Ride-iOS */ = {
			isa = PBXNativeTarget;
			buildConfigurationList = F9A2EBC01CF2A79A00853CCE /* Build configuration list for PBXNativeTarget "Mr-Ride-iOS" */;
			buildPhases = (
				78D24A95E1D30FC12DDFBD73 /* 📦 Check Pods Manifest.lock */,
				F9A2EBAA1CF2A79A00853CCE /* Sources */,
				F9A2EBAB1CF2A79A00853CCE /* Frameworks */,
				F9A2EBAC1CF2A79A00853CCE /* Resources */,
				2A55D4EAE873E9A72C00A2B8 /* 📦 Embed Pods Frameworks */,
				42C34458564DD9CD5929D596 /* 📦 Copy Pods Resources */,
			);
			buildRules = (
			);
			dependencies = (
			);
			name = "Mr-Ride-iOS";
			productName = "Mr-Ride-iOS";
			productReference = F9A2EBAE1CF2A79A00853CCE /* Mr-Ride-iOS.app */;
			productType = "com.apple.product-type.application";
		};
/* End PBXNativeTarget section */

/* Begin PBXProject section */
		F9A2EBA61CF2A79A00853CCE /* Project object */ = {
			isa = PBXProject;
			attributes = {
				LastSwiftUpdateCheck = 0730;
				LastUpgradeCheck = 0730;
				ORGANIZATIONNAME = "AppWorks School WuDuhRen";
				TargetAttributes = {
					F9A2EBAD1CF2A79A00853CCE = {
						CreatedOnToolsVersion = 7.3.1;
					};
				};
			};
			buildConfigurationList = F9A2EBA91CF2A79A00853CCE /* Build configuration list for PBXProject "Mr-Ride-iOS" */;
			compatibilityVersion = "Xcode 3.2";
			developmentRegion = English;
			hasScannedForEncodings = 0;
			knownRegions = (
				en,
				Base,
			);
			mainGroup = F9A2EBA51CF2A79A00853CCE;
			productRefGroup = F9A2EBAF1CF2A79A00853CCE /* Products */;
			projectDirPath = "";
			projectRoot = "";
			targets = (
				F9A2EBAD1CF2A79A00853CCE /* Mr-Ride-iOS */,
			);
		};
/* End PBXProject section */

/* Begin PBXResourcesBuildPhase section */
		F9A2EBAC1CF2A79A00853CCE /* Resources */ = {
			isa = PBXResourcesBuildPhase;
			buildActionMask = 2147483647;
			files = (
				F9E55F1F1CF3093100402F96 /* RobotoMono-Italic.ttf in Resources */,
				F9E55F231CF3093100402F96 /* RobotoMono-MediumItalic.ttf in Resources */,
				F9E55F1C1CF3093100402F96 /* LICENSE.txt in Resources */,
				F9E55F1E1CF3093100402F96 /* RobotoMono-BoldItalic.ttf in Resources */,
				F9E55F201CF3093100402F96 /* RobotoMono-Light.ttf in Resources */,
				F9E55F1D1CF3093100402F96 /* RobotoMono-Bold.ttf in Resources */,
				F9E55F211CF3093100402F96 /* RobotoMono-LightItalic.ttf in Resources */,
				F9A2EBBC1CF2A79A00853CCE /* LaunchScreen.storyboard in Resources */,
				F9A2EBB91CF2A79A00853CCE /* Assets.xcassets in Resources */,
				F9A2EBB71CF2A79A00853CCE /* Main.storyboard in Resources */,
				F9E55F221CF3093100402F96 /* RobotoMono-Medium.ttf in Resources */,
				F9E55F241CF3093100402F96 /* RobotoMono-Regular.ttf in Resources */,
				F9E55F251CF3093100402F96 /* RobotoMono-Thin.ttf in Resources */,
				F9E55F261CF3093100402F96 /* RobotoMono-ThinItalic.ttf in Resources */,
			);
			runOnlyForDeploymentPostprocessing = 0;
		};
/* End PBXResourcesBuildPhase section */

/* Begin PBXShellScriptBuildPhase section */
		2A55D4EAE873E9A72C00A2B8 /* 📦 Embed Pods Frameworks */ = {
			isa = PBXShellScriptBuildPhase;
			buildActionMask = 2147483647;
			files = (
			);
			inputPaths = (
			);
			name = "📦 Embed Pods Frameworks";
			outputPaths = (
			);
			runOnlyForDeploymentPostprocessing = 0;
			shellPath = /bin/sh;
			shellScript = "\"${SRCROOT}/Pods/Target Support Files/Pods-Mr-Ride-iOS/Pods-Mr-Ride-iOS-frameworks.sh\"\n";
			showEnvVarsInLog = 0;
		};
		42C34458564DD9CD5929D596 /* 📦 Copy Pods Resources */ = {
			isa = PBXShellScriptBuildPhase;
			buildActionMask = 2147483647;
			files = (
			);
			inputPaths = (
			);
			name = "📦 Copy Pods Resources";
			outputPaths = (
			);
			runOnlyForDeploymentPostprocessing = 0;
			shellPath = /bin/sh;
			shellScript = "\"${SRCROOT}/Pods/Target Support Files/Pods-Mr-Ride-iOS/Pods-Mr-Ride-iOS-resources.sh\"\n";
			showEnvVarsInLog = 0;
		};
		78D24A95E1D30FC12DDFBD73 /* 📦 Check Pods Manifest.lock */ = {
			isa = PBXShellScriptBuildPhase;
			buildActionMask = 2147483647;
			files = (
			);
			inputPaths = (
			);
			name = "📦 Check Pods Manifest.lock";
			outputPaths = (
			);
			runOnlyForDeploymentPostprocessing = 0;
			shellPath = /bin/sh;
			shellScript = "diff \"${PODS_ROOT}/../Podfile.lock\" \"${PODS_ROOT}/Manifest.lock\" > /dev/null\nif [[ $? != 0 ]] ; then\n    cat << EOM\nerror: The sandbox is not in sync with the Podfile.lock. Run 'pod install' or update your CocoaPods installation.\nEOM\n    exit 1\nfi\n";
			showEnvVarsInLog = 0;
		};
/* End PBXShellScriptBuildPhase section */

/* Begin PBXSourcesBuildPhase section */
		F9A2EBAA1CF2A79A00853CCE /* Sources */ = {
			isa = PBXSourcesBuildPhase;
			buildActionMask = 2147483647;
			files = (
				F9E9E4A11CF6ED6C00599D85 /* TrackingPageViewController.swift in Sources */,
				F9E9E4A31CF829CF00599D85 /* ResultPageViewController.swift in Sources */,
				F9A2EBB41CF2A79A00853CCE /* HomeViewController.swift in Sources */,
				F9E55F4B1CF3EFA900402F96 /* NavigationController.swift in Sources */,
				F953E36B1CF2DC3C00FA3F4E /* UIFont+YBKAdditions.swift in Sources */,
				F9E55F4F1CF42D1100402F96 /* RootViewController.swift in Sources */,
				F9E55F461CF3E8F200402F96 /* SideMenuTableViewController.swift in Sources */,
				F953E36F1CF2DE8700FA3F4E /* MRColor.swift in Sources */,
				F93BBFF11CF5945100A9E661 /* HistoryViewController.swift in Sources */,
				F9A2EBB21CF2A79A00853CCE /* AppDelegate.swift in Sources */,
				F93BBFEF1CF590B800A9E661 /* SideMenuCell.swift in Sources */,
			);
			runOnlyForDeploymentPostprocessing = 0;
		};
/* End PBXSourcesBuildPhase section */

/* Begin PBXVariantGroup section */
		F9A2EBB51CF2A79A00853CCE /* Main.storyboard */ = {
			isa = PBXVariantGroup;
			children = (
				F9A2EBB61CF2A79A00853CCE /* Base */,
			);
			name = Main.storyboard;
			sourceTree = "<group>";
		};
		F9A2EBBA1CF2A79A00853CCE /* LaunchScreen.storyboard */ = {
			isa = PBXVariantGroup;
			children = (
				F9A2EBBB1CF2A79A00853CCE /* Base */,
			);
			name = LaunchScreen.storyboard;
			sourceTree = "<group>";
		};
/* End PBXVariantGroup section */

/* Begin XCBuildConfiguration section */
		F9A2EBBE1CF2A79A00853CCE /* Debug */ = {
			isa = XCBuildConfiguration;
			buildSettings = {
				ALWAYS_SEARCH_USER_PATHS = NO;
				CLANG_ANALYZER_NONNULL = YES;
				CLANG_CXX_LANGUAGE_STANDARD = "gnu++0x";
				CLANG_CXX_LIBRARY = "libc++";
				CLANG_ENABLE_MODULES = YES;
				CLANG_ENABLE_OBJC_ARC = YES;
				CLANG_WARN_BOOL_CONVERSION = YES;
				CLANG_WARN_CONSTANT_CONVERSION = YES;
				CLANG_WARN_DIRECT_OBJC_ISA_USAGE = YES_ERROR;
				CLANG_WARN_EMPTY_BODY = YES;
				CLANG_WARN_ENUM_CONVERSION = YES;
				CLANG_WARN_INT_CONVERSION = YES;
				CLANG_WARN_OBJC_ROOT_CLASS = YES_ERROR;
				CLANG_WARN_UNREACHABLE_CODE = YES;
				CLANG_WARN__DUPLICATE_METHOD_MATCH = YES;
				"CODE_SIGN_IDENTITY[sdk=iphoneos*]" = "iPhone Developer";
				COPY_PHASE_STRIP = NO;
				DEBUG_INFORMATION_FORMAT = dwarf;
				ENABLE_STRICT_OBJC_MSGSEND = YES;
				ENABLE_TESTABILITY = YES;
				GCC_C_LANGUAGE_STANDARD = gnu99;
				GCC_DYNAMIC_NO_PIC = NO;
				GCC_NO_COMMON_BLOCKS = YES;
				GCC_OPTIMIZATION_LEVEL = 0;
				GCC_PREPROCESSOR_DEFINITIONS = (
					"DEBUG=1",
					"$(inherited)",
				);
				GCC_WARN_64_TO_32_BIT_CONVERSION = YES;
				GCC_WARN_ABOUT_RETURN_TYPE = YES_ERROR;
				GCC_WARN_UNDECLARED_SELECTOR = YES;
				GCC_WARN_UNINITIALIZED_AUTOS = YES_AGGRESSIVE;
				GCC_WARN_UNUSED_FUNCTION = YES;
				GCC_WARN_UNUSED_VARIABLE = YES;
				IPHONEOS_DEPLOYMENT_TARGET = 9.3;
				MTL_ENABLE_DEBUG_INFO = YES;
				ONLY_ACTIVE_ARCH = YES;
				SDKROOT = iphoneos;
				SWIFT_OPTIMIZATION_LEVEL = "-Onone";
			};
			name = Debug;
		};
		F9A2EBBF1CF2A79A00853CCE /* Release */ = {
			isa = XCBuildConfiguration;
			buildSettings = {
				ALWAYS_SEARCH_USER_PATHS = NO;
				CLANG_ANALYZER_NONNULL = YES;
				CLANG_CXX_LANGUAGE_STANDARD = "gnu++0x";
				CLANG_CXX_LIBRARY = "libc++";
				CLANG_ENABLE_MODULES = YES;
				CLANG_ENABLE_OBJC_ARC = YES;
				CLANG_WARN_BOOL_CONVERSION = YES;
				CLANG_WARN_CONSTANT_CONVERSION = YES;
				CLANG_WARN_DIRECT_OBJC_ISA_USAGE = YES_ERROR;
				CLANG_WARN_EMPTY_BODY = YES;
				CLANG_WARN_ENUM_CONVERSION = YES;
				CLANG_WARN_INT_CONVERSION = YES;
				CLANG_WARN_OBJC_ROOT_CLASS = YES_ERROR;
				CLANG_WARN_UNREACHABLE_CODE = YES;
				CLANG_WARN__DUPLICATE_METHOD_MATCH = YES;
				"CODE_SIGN_IDENTITY[sdk=iphoneos*]" = "iPhone Developer";
				COPY_PHASE_STRIP = NO;
				DEBUG_INFORMATION_FORMAT = "dwarf-with-dsym";
				ENABLE_NS_ASSERTIONS = NO;
				ENABLE_STRICT_OBJC_MSGSEND = YES;
				GCC_C_LANGUAGE_STANDARD = gnu99;
				GCC_NO_COMMON_BLOCKS = YES;
				GCC_WARN_64_TO_32_BIT_CONVERSION = YES;
				GCC_WARN_ABOUT_RETURN_TYPE = YES_ERROR;
				GCC_WARN_UNDECLARED_SELECTOR = YES;
				GCC_WARN_UNINITIALIZED_AUTOS = YES_AGGRESSIVE;
				GCC_WARN_UNUSED_FUNCTION = YES;
				GCC_WARN_UNUSED_VARIABLE = YES;
				IPHONEOS_DEPLOYMENT_TARGET = 9.3;
				MTL_ENABLE_DEBUG_INFO = NO;
				SDKROOT = iphoneos;
				VALIDATE_PRODUCT = YES;
			};
			name = Release;
		};
		F9A2EBC11CF2A79A00853CCE /* Debug */ = {
			isa = XCBuildConfiguration;
			baseConfigurationReference = B839DBAFF8269066CD6F4A18 /* Pods-Mr-Ride-iOS.debug.xcconfig */;
			buildSettings = {
				ASSETCATALOG_COMPILER_APPICON_NAME = AppIcon;
				INFOPLIST_FILE = "Mr-Ride-iOS/Info.plist";
				LD_RUNPATH_SEARCH_PATHS = "$(inherited) @executable_path/Frameworks";
				PRODUCT_BUNDLE_IDENTIFIER = "com.appworks-school-WuDuhRen.Mr-Ride-iOS";
				PRODUCT_NAME = "$(TARGET_NAME)";
			};
			name = Debug;
		};
		F9A2EBC21CF2A79A00853CCE /* Release */ = {
			isa = XCBuildConfiguration;
			baseConfigurationReference = A45D7F7E8E6896C21D7AF9DA /* Pods-Mr-Ride-iOS.release.xcconfig */;
			buildSettings = {
				ASSETCATALOG_COMPILER_APPICON_NAME = AppIcon;
				INFOPLIST_FILE = "Mr-Ride-iOS/Info.plist";
				LD_RUNPATH_SEARCH_PATHS = "$(inherited) @executable_path/Frameworks";
				PRODUCT_BUNDLE_IDENTIFIER = "com.appworks-school-WuDuhRen.Mr-Ride-iOS";
				PRODUCT_NAME = "$(TARGET_NAME)";
			};
			name = Release;
		};
/* End XCBuildConfiguration section */

/* Begin XCConfigurationList section */
		F9A2EBA91CF2A79A00853CCE /* Build configuration list for PBXProject "Mr-Ride-iOS" */ = {
			isa = XCConfigurationList;
			buildConfigurations = (
				F9A2EBBE1CF2A79A00853CCE /* Debug */,
				F9A2EBBF1CF2A79A00853CCE /* Release */,
			);
			defaultConfigurationIsVisible = 0;
			defaultConfigurationName = Release;
		};
		F9A2EBC01CF2A79A00853CCE /* Build configuration list for PBXNativeTarget "Mr-Ride-iOS" */ = {
			isa = XCConfigurationList;
			buildConfigurations = (
				F9A2EBC11CF2A79A00853CCE /* Debug */,
				F9A2EBC21CF2A79A00853CCE /* Release */,
			);
			defaultConfigurationIsVisible = 0;
			defaultConfigurationName = Release;
		};
/* End XCConfigurationList section */
	};
	rootObject = F9A2EBA61CF2A79A00853CCE /* Project object */;
}
